// !$*UTF8*$!
{
	archiveVersion = 1;
	classes = {
	};
	objectVersion = 50;
	objects = {

/* Begin PBXBuildFile section */
		1A4848CE24C1455C009FB307 /* DemoText in Resources */ = {isa = PBXBuildFile; fileRef = 1A4848CD24C1455C009FB307 /* DemoText */; };
		1A64DA5024BD4CB5009AFB82 /* HTTPManager.m in Sources */ = {isa = PBXBuildFile; fileRef = 1A64DA4F24BD4CB5009AFB82 /* HTTPManager.m */; };
		1A64DA5724BD4D03009AFB82 /* HTTPRequestSerializer.m in Sources */ = {isa = PBXBuildFile; fileRef = 1A64DA5624BD4D03009AFB82 /* HTTPRequestSerializer.m */; };
		1A64DA5A24BD51CE009AFB82 /* HTTPSessionDelegate.m in Sources */ = {isa = PBXBuildFile; fileRef = 1A64DA5924BD51CE009AFB82 /* HTTPSessionDelegate.m */; };
		1A64DA5D24BD54C0009AFB82 /* HTTPResponseSerialization.m in Sources */ = {isa = PBXBuildFile; fileRef = 1A64DA5C24BD54C0009AFB82 /* HTTPResponseSerialization.m */; };
		1A64DA6124BD5B59009AFB82 /* MBProgressHUD.m in Sources */ = {isa = PBXBuildFile; fileRef = 1A64DA5F24BD5B59009AFB82 /* MBProgressHUD.m */; };
		1A6E7E4D24B863F900F42EA4 /* AppDelegate.m in Sources */ = {isa = PBXBuildFile; fileRef = 1A6E7E4C24B863F900F42EA4 /* AppDelegate.m */; };
		1A6E7E5324B863F900F42EA4 /* ViewController.m in Sources */ = {isa = PBXBuildFile; fileRef = 1A6E7E5224B863F900F42EA4 /* ViewController.m */; };
		1A6E7E5824B863FB00F42EA4 /* Assets.xcassets in Resources */ = {isa = PBXBuildFile; fileRef = 1A6E7E5724B863FB00F42EA4 /* Assets.xcassets */; };
		1A6E7E5B24B863FB00F42EA4 /* LaunchScreen.storyboard in Resources */ = {isa = PBXBuildFile; fileRef = 1A6E7E5924B863FB00F42EA4 /* LaunchScreen.storyboard */; };
		1A6E7E5E24B863FB00F42EA4 /* main.m in Sources */ = {isa = PBXBuildFile; fileRef = 1A6E7E5D24B863FB00F42EA4 /* main.m */; };
		1A6E7EBD24B8649100F42EA4 /* YLReadTextFastParser.m in Sources */ = {isa = PBXBuildFile; fileRef = 1A6E7E6624B8649100F42EA4 /* YLReadTextFastParser.m */; };
		1A6E7EBE24B8649100F42EA4 /* YLKeyedArchiver.m in Sources */ = {isa = PBXBuildFile; fileRef = 1A6E7E6724B8649100F42EA4 /* YLKeyedArchiver.m */; };
		1A6E7EBF24B8649100F42EA4 /* YLCoreText.m in Sources */ = {isa = PBXBuildFile; fileRef = 1A6E7E6A24B8649100F42EA4 /* YLCoreText.m */; };
		1A6E7EC024B8649100F42EA4 /* YLGlobalTools.m in Sources */ = {isa = PBXBuildFile; fileRef = 1A6E7E6C24B8649100F42EA4 /* YLGlobalTools.m */; };
		1A6E7EC124B8649100F42EA4 /* YLReadParser.m in Sources */ = {isa = PBXBuildFile; fileRef = 1A6E7E6D24B8649100F42EA4 /* YLReadParser.m */; };
		1A6E7EC224B8649100F42EA4 /* YLReadConfigure.m in Sources */ = {isa = PBXBuildFile; fileRef = 1A6E7E7224B8649100F42EA4 /* YLReadConfigure.m */; };
		1A6E7EC324B8649100F42EA4 /* UINavigationController+FDFullscreenPopGesture.m in Sources */ = {isa = PBXBuildFile; fileRef = 1A6E7E7424B8649100F42EA4 /* UINavigationController+FDFullscreenPopGesture.m */; };
		1A6E7EC424B8649100F42EA4 /* YLReadUserDefaults.m in Sources */ = {isa = PBXBuildFile; fileRef = 1A6E7E7524B8649100F42EA4 /* YLReadUserDefaults.m */; };
		1A6E7EC524B8649100F42EA4 /* NSString+Extend.m in Sources */ = {isa = PBXBuildFile; fileRef = 1A6E7E7624B8649100F42EA4 /* NSString+Extend.m */; };
		1A6E7EC724B8649100F42EA4 /* YLReadTextParser.m in Sources */ = {isa = PBXBuildFile; fileRef = 1A6E7E7A24B8649100F42EA4 /* YLReadTextParser.m */; };
		1A6E7EC824B8649100F42EA4 /* YLReadPageViewController.m in Sources */ = {isa = PBXBuildFile; fileRef = 1A6E7E7D24B8649100F42EA4 /* YLReadPageViewController.m */; };
		1A6E7EC924B8649100F42EA4 /* YLReadViewController.m in Sources */ = {isa = PBXBuildFile; fileRef = 1A6E7E8024B8649100F42EA4 /* YLReadViewController.m */; };
		1A6E7ECA24B8649100F42EA4 /* YLReadPageModel.m in Sources */ = {isa = PBXBuildFile; fileRef = 1A6E7E8524B8649100F42EA4 /* YLReadPageModel.m */; };
		1A6E7ECB24B8649100F42EA4 /* YLReadChapterListModel.m in Sources */ = {isa = PBXBuildFile; fileRef = 1A6E7E8624B8649100F42EA4 /* YLReadChapterListModel.m */; };
		1A6E7ECC24B8649100F42EA4 /* YLReadRecordModel.m in Sources */ = {isa = PBXBuildFile; fileRef = 1A6E7E8724B8649100F42EA4 /* YLReadRecordModel.m */; };
		1A6E7ECD24B8649100F42EA4 /* YLReadChapterModel.m in Sources */ = {isa = PBXBuildFile; fileRef = 1A6E7E8824B8649100F42EA4 /* YLReadChapterModel.m */; };
		1A6E7ECE24B8649100F42EA4 /* YLReadMarkModel.m in Sources */ = {isa = PBXBuildFile; fileRef = 1A6E7E8924B8649100F42EA4 /* YLReadMarkModel.m */; };
		1A6E7ECF24B8649100F42EA4 /* YLReadMenu.m in Sources */ = {isa = PBXBuildFile; fileRef = 1A6E7E8A24B8649100F42EA4 /* YLReadMenu.m */; };
		1A6E7ED024B8649100F42EA4 /* YLReadModel.m in Sources */ = {isa = PBXBuildFile; fileRef = 1A6E7E8B24B8649100F42EA4 /* YLReadModel.m */; };
		1A6E7ED124B8649100F42EA4 /* YLReadViewScrollController.m in Sources */ = {isa = PBXBuildFile; fileRef = 1A6E7E9024B8649100F42EA4 /* YLReadViewScrollController.m */; };
		1A6E7ED224B8649100F42EA4 /* YLReadHomeView.m in Sources */ = {isa = PBXBuildFile; fileRef = 1A6E7E9324B8649100F42EA4 /* YLReadHomeView.m */; };
		1A6E7ED324B8649100F42EA4 /* YLReadTopView.m in Sources */ = {isa = PBXBuildFile; fileRef = 1A6E7E9524B8649100F42EA4 /* YLReadTopView.m */; };
		1A6E7ED424B8649100F42EA4 /* YLReadLongPressCursorView.m in Sources */ = {isa = PBXBuildFile; fileRef = 1A6E7E9924B8649100F42EA4 /* YLReadLongPressCursorView.m */; };
		1A6E7ED524B8649100F42EA4 /* YLReadSettingView.m in Sources */ = {isa = PBXBuildFile; fileRef = 1A6E7E9A24B8649100F42EA4 /* YLReadSettingView.m */; };
		1A6E7ED624B8649100F42EA4 /* YLReadView.m in Sources */ = {isa = PBXBuildFile; fileRef = 1A6E7E9B24B8649100F42EA4 /* YLReadView.m */; };
		1A6E7ED724B8649100F42EA4 /* YLReadTrackingSlider.m in Sources */ = {isa = PBXBuildFile; fileRef = 1A6E7E9C24B8649100F42EA4 /* YLReadTrackingSlider.m */; };
		1A6E7ED824B8649100F42EA4 /* YLReadViewCell.m in Sources */ = {isa = PBXBuildFile; fileRef = 1A6E7E9D24B8649100F42EA4 /* YLReadViewCell.m */; };
		1A6E7ED924B8649100F42EA4 /* YLReadBottomView.m in Sources */ = {isa = PBXBuildFile; fileRef = 1A6E7E9F24B8649100F42EA4 /* YLReadBottomView.m */; };
		1A6E7EDA24B8649100F42EA4 /* YLReadLongPressView.m in Sources */ = {isa = PBXBuildFile; fileRef = 1A6E7EA024B8649100F42EA4 /* YLReadLongPressView.m */; };
		1A6E7EDB24B8649100F42EA4 /* YLReadHomeViewCell.m in Sources */ = {isa = PBXBuildFile; fileRef = 1A6E7EA124B8649100F42EA4 /* YLReadHomeViewCell.m */; };
		1A6E7EDC24B8649100F42EA4 /* YLReadMarkView.m in Sources */ = {isa = PBXBuildFile; fileRef = 1A6E7EA324B8649100F42EA4 /* YLReadMarkView.m */; };
		1A6E7EDD24B8649100F42EA4 /* YLReadLeftView.m in Sources */ = {isa = PBXBuildFile; fileRef = 1A6E7EA524B8649100F42EA4 /* YLReadLeftView.m */; };
		1A6E7EDE24B8649100F42EA4 /* YLReadViewStatusBottomView.m in Sources */ = {isa = PBXBuildFile; fileRef = 1A6E7EA924B8649100F42EA4 /* YLReadViewStatusBottomView.m */; };
		1A6E7EDF24B8649100F42EA4 /* YLReadCatalogView.m in Sources */ = {isa = PBXBuildFile; fileRef = 1A6E7EAA24B8649100F42EA4 /* YLReadCatalogView.m */; };
		1A6E7EE024B8649100F42EA4 /* YLReadContentView.m in Sources */ = {isa = PBXBuildFile; fileRef = 1A6E7EAB24B8649100F42EA4 /* YLReadContentView.m */; };
		1A6E7EE124B8649100F42EA4 /* YLReadBaseView.m in Sources */ = {isa = PBXBuildFile; fileRef = 1A6E7EAE24B8649100F42EA4 /* YLReadBaseView.m */; };
		1A6E7EE224B8649100F42EA4 /* YLReadViewStatusTopView.m in Sources */ = {isa = PBXBuildFile; fileRef = 1A6E7EB324B8649100F42EA4 /* YLReadViewStatusTopView.m */; };
		1A6E7EE324B8649100F42EA4 /* YLReadLongPressViewController.m in Sources */ = {isa = PBXBuildFile; fileRef = 1A6E7EB624B8649100F42EA4 /* YLReadLongPressViewController.m */; };
		1A6E7EE424B8649100F42EA4 /* YLReadCoverController.m in Sources */ = {isa = PBXBuildFile; fileRef = 1A6E7EB724B8649100F42EA4 /* YLReadCoverController.m */; };
		1A6E7EE524B8649100F42EA4 /* UIPageViewController+Extend.m in Sources */ = {isa = PBXBuildFile; fileRef = 1A6E7EB924B8649100F42EA4 /* UIPageViewController+Extend.m */; };
		1A6E7EE624B8649100F42EA4 /* YLReadViewBGController.m in Sources */ = {isa = PBXBuildFile; fileRef = 1A6E7EBA24B8649100F42EA4 /* YLReadViewBGController.m */; };
		1A6E7EE724B8649100F42EA4 /* YLReadController.m in Sources */ = {isa = PBXBuildFile; fileRef = 1A6E7EBB24B8649100F42EA4 /* YLReadController.m */; };
		2204D81A24BAA4F900C28A43 /* LingDianParser.m in Sources */ = {isa = PBXBuildFile; fileRef = 2204D81924BAA4F900C28A43 /* LingDianParser.m */; };
		2204D81C24BAACEA00C28A43 /* BookResources.bundle in Resources */ = {isa = PBXBuildFile; fileRef = 2204D81B24BAACEA00C28A43 /* BookResources.bundle */; };
/* End PBXBuildFile section */

/* Begin PBXFileReference section */
		1A4848CD24C1455C009FB307 /* DemoText */ = {isa = PBXFileReference; lastKnownFileType = text; path = DemoText; sourceTree = "<group>"; };
		1A64DA4E24BD4CB5009AFB82 /* HTTPManager.h */ = {isa = PBXFileReference; fileEncoding = 4; lastKnownFileType = sourcecode.c.h; path = HTTPManager.h; sourceTree = "<group>"; };
		1A64DA4F24BD4CB5009AFB82 /* HTTPManager.m */ = {isa = PBXFileReference; fileEncoding = 4; lastKnownFileType = sourcecode.c.objc; path = HTTPManager.m; sourceTree = "<group>"; };
		1A64DA5524BD4D03009AFB82 /* HTTPRequestSerializer.h */ = {isa = PBXFileReference; lastKnownFileType = sourcecode.c.h; path = HTTPRequestSerializer.h; sourceTree = "<group>"; };
		1A64DA5624BD4D03009AFB82 /* HTTPRequestSerializer.m */ = {isa = PBXFileReference; lastKnownFileType = sourcecode.c.objc; path = HTTPRequestSerializer.m; sourceTree = "<group>"; };
		1A64DA5824BD51CE009AFB82 /* HTTPSessionDelegate.h */ = {isa = PBXFileReference; lastKnownFileType = sourcecode.c.h; path = HTTPSessionDelegate.h; sourceTree = "<group>"; };
		1A64DA5924BD51CE009AFB82 /* HTTPSessionDelegate.m */ = {isa = PBXFileReference; lastKnownFileType = sourcecode.c.objc; path = HTTPSessionDelegate.m; sourceTree = "<group>"; };
		1A64DA5B24BD54C0009AFB82 /* HTTPResponseSerialization.h */ = {isa = PBXFileReference; lastKnownFileType = sourcecode.c.h; path = HTTPResponseSerialization.h; sourceTree = "<group>"; };
		1A64DA5C24BD54C0009AFB82 /* HTTPResponseSerialization.m */ = {isa = PBXFileReference; lastKnownFileType = sourcecode.c.objc; path = HTTPResponseSerialization.m; sourceTree = "<group>"; };
		1A64DA5F24BD5B59009AFB82 /* MBProgressHUD.m */ = {isa = PBXFileReference; fileEncoding = 4; lastKnownFileType = sourcecode.c.objc; path = MBProgressHUD.m; sourceTree = "<group>"; };
		1A64DA6024BD5B59009AFB82 /* MBProgressHUD.h */ = {isa = PBXFileReference; fileEncoding = 4; lastKnownFileType = sourcecode.c.h; path = MBProgressHUD.h; sourceTree = "<group>"; };
		1A6E7E4824B863F900F42EA4 /* YLRead.app */ = {isa = PBXFileReference; explicitFileType = wrapper.application; includeInIndex = 0; path = YLRead.app; sourceTree = BUILT_PRODUCTS_DIR; };
		1A6E7E4B24B863F900F42EA4 /* AppDelegate.h */ = {isa = PBXFileReference; lastKnownFileType = sourcecode.c.h; path = AppDelegate.h; sourceTree = "<group>"; };
		1A6E7E4C24B863F900F42EA4 /* AppDelegate.m */ = {isa = PBXFileReference; lastKnownFileType = sourcecode.c.objc; path = AppDelegate.m; sourceTree = "<group>"; };
		1A6E7E5124B863F900F42EA4 /* ViewController.h */ = {isa = PBXFileReference; lastKnownFileType = sourcecode.c.h; path = ViewController.h; sourceTree = "<group>"; };
		1A6E7E5224B863F900F42EA4 /* ViewController.m */ = {isa = PBXFileReference; lastKnownFileType = sourcecode.c.objc; path = ViewController.m; sourceTree = "<group>"; };
		1A6E7E5724B863FB00F42EA4 /* Assets.xcassets */ = {isa = PBXFileReference; lastKnownFileType = folder.assetcatalog; path = Assets.xcassets; sourceTree = "<group>"; };
		1A6E7E5A24B863FB00F42EA4 /* Base */ = {isa = PBXFileReference; lastKnownFileType = file.storyboard; name = Base; path = Base.lproj/LaunchScreen.storyboard; sourceTree = "<group>"; };
		1A6E7E5C24B863FB00F42EA4 /* Info.plist */ = {isa = PBXFileReference; lastKnownFileType = text.plist.xml; path = Info.plist; sourceTree = "<group>"; };
		1A6E7E5D24B863FB00F42EA4 /* main.m */ = {isa = PBXFileReference; lastKnownFileType = sourcecode.c.objc; path = main.m; sourceTree = "<group>"; };
		1A6E7E6624B8649100F42EA4 /* YLReadTextFastParser.m */ = {isa = PBXFileReference; fileEncoding = 4; lastKnownFileType = sourcecode.c.objc; path = YLReadTextFastParser.m; sourceTree = "<group>"; };
		1A6E7E6724B8649100F42EA4 /* YLKeyedArchiver.m */ = {isa = PBXFileReference; fileEncoding = 4; lastKnownFileType = sourcecode.c.objc; path = YLKeyedArchiver.m; sourceTree = "<group>"; };
		1A6E7E6824B8649100F42EA4 /* YLReadUserDefaults.h */ = {isa = PBXFileReference; fileEncoding = 4; lastKnownFileType = sourcecode.c.h; path = YLReadUserDefaults.h; sourceTree = "<group>"; };
		1A6E7E6924B8649100F42EA4 /* UINavigationController+FDFullscreenPopGesture.h */ = {isa = PBXFileReference; fileEncoding = 4; lastKnownFileType = sourcecode.c.h; path = "UINavigationController+FDFullscreenPopGesture.h"; sourceTree = "<group>"; };
		1A6E7E6A24B8649100F42EA4 /* YLCoreText.m */ = {isa = PBXFileReference; fileEncoding = 4; lastKnownFileType = sourcecode.c.objc; path = YLCoreText.m; sourceTree = "<group>"; };
		1A6E7E6B24B8649100F42EA4 /* YLReadConfigure.h */ = {isa = PBXFileReference; fileEncoding = 4; lastKnownFileType = sourcecode.c.h; path = YLReadConfigure.h; sourceTree = "<group>"; };
		1A6E7E6C24B8649100F42EA4 /* YLGlobalTools.m */ = {isa = PBXFileReference; fileEncoding = 4; lastKnownFileType = sourcecode.c.objc; path = YLGlobalTools.m; sourceTree = "<group>"; };
		1A6E7E6D24B8649100F42EA4 /* YLReadParser.m */ = {isa = PBXFileReference; fileEncoding = 4; lastKnownFileType = sourcecode.c.objc; path = YLReadParser.m; sourceTree = "<group>"; };
		1A6E7E6E24B8649100F42EA4 /* NSString+Extend.h */ = {isa = PBXFileReference; fileEncoding = 4; lastKnownFileType = sourcecode.c.h; path = "NSString+Extend.h"; sourceTree = "<group>"; };
		1A6E7E6F24B8649100F42EA4 /* YLReadTextParser.h */ = {isa = PBXFileReference; fileEncoding = 4; lastKnownFileType = sourcecode.c.h; path = YLReadTextParser.h; sourceTree = "<group>"; };
		1A6E7E7024B8649100F42EA4 /* YLKeyedArchiver.h */ = {isa = PBXFileReference; fileEncoding = 4; lastKnownFileType = sourcecode.c.h; path = YLKeyedArchiver.h; sourceTree = "<group>"; };
		1A6E7E7124B8649100F42EA4 /* YLReadTextFastParser.h */ = {isa = PBXFileReference; fileEncoding = 4; lastKnownFileType = sourcecode.c.h; path = YLReadTextFastParser.h; sourceTree = "<group>"; };
		1A6E7E7224B8649100F42EA4 /* YLReadConfigure.m */ = {isa = PBXFileReference; fileEncoding = 4; lastKnownFileType = sourcecode.c.objc; path = YLReadConfigure.m; sourceTree = "<group>"; };
		1A6E7E7324B8649100F42EA4 /* YLCoreText.h */ = {isa = PBXFileReference; fileEncoding = 4; lastKnownFileType = sourcecode.c.h; path = YLCoreText.h; sourceTree = "<group>"; };
		1A6E7E7424B8649100F42EA4 /* UINavigationController+FDFullscreenPopGesture.m */ = {isa = PBXFileReference; fileEncoding = 4; lastKnownFileType = sourcecode.c.objc; path = "UINavigationController+FDFullscreenPopGesture.m"; sourceTree = "<group>"; };
		1A6E7E7524B8649100F42EA4 /* YLReadUserDefaults.m */ = {isa = PBXFileReference; fileEncoding = 4; lastKnownFileType = sourcecode.c.objc; path = YLReadUserDefaults.m; sourceTree = "<group>"; };
		1A6E7E7624B8649100F42EA4 /* NSString+Extend.m */ = {isa = PBXFileReference; fileEncoding = 4; lastKnownFileType = sourcecode.c.objc; path = "NSString+Extend.m"; sourceTree = "<group>"; };
		1A6E7E7824B8649100F42EA4 /* YLGlobalTools.h */ = {isa = PBXFileReference; fileEncoding = 4; lastKnownFileType = sourcecode.c.h; path = YLGlobalTools.h; sourceTree = "<group>"; };
		1A6E7E7924B8649100F42EA4 /* YLReadParser.h */ = {isa = PBXFileReference; fileEncoding = 4; lastKnownFileType = sourcecode.c.h; path = YLReadParser.h; sourceTree = "<group>"; };
		1A6E7E7A24B8649100F42EA4 /* YLReadTextParser.m */ = {isa = PBXFileReference; fileEncoding = 4; lastKnownFileType = sourcecode.c.objc; path = YLReadTextParser.m; sourceTree = "<group>"; };
		1A6E7E7B24B8649100F42EA4 /* YLReadCoverController.h */ = {isa = PBXFileReference; fileEncoding = 4; lastKnownFileType = sourcecode.c.h; path = YLReadCoverController.h; sourceTree = "<group>"; };
		1A6E7E7C24B8649100F42EA4 /* YLReadLongPressViewController.h */ = {isa = PBXFileReference; fileEncoding = 4; lastKnownFileType = sourcecode.c.h; path = YLReadLongPressViewController.h; sourceTree = "<group>"; };
		1A6E7E7D24B8649100F42EA4 /* YLReadPageViewController.m */ = {isa = PBXFileReference; fileEncoding = 4; lastKnownFileType = sourcecode.c.objc; path = YLReadPageViewController.m; sourceTree = "<group>"; };
		1A6E7E7E24B8649100F42EA4 /* YLReadViewBGController.h */ = {isa = PBXFileReference; fileEncoding = 4; lastKnownFileType = sourcecode.c.h; path = YLReadViewBGController.h; sourceTree = "<group>"; };
		1A6E7E7F24B8649100F42EA4 /* UIPageViewController+Extend.h */ = {isa = PBXFileReference; fileEncoding = 4; lastKnownFileType = sourcecode.c.h; path = "UIPageViewController+Extend.h"; sourceTree = "<group>"; };
		1A6E7E8024B8649100F42EA4 /* YLReadViewController.m */ = {isa = PBXFileReference; fileEncoding = 4; lastKnownFileType = sourcecode.c.objc; path = YLReadViewController.m; sourceTree = "<group>"; };
		1A6E7E8224B8649100F42EA4 /* YLReadMenu.h */ = {isa = PBXFileReference; fileEncoding = 4; lastKnownFileType = sourcecode.c.h; path = YLReadMenu.h; sourceTree = "<group>"; };
		1A6E7E8324B8649100F42EA4 /* YLReadMarkModel.h */ = {isa = PBXFileReference; fileEncoding = 4; lastKnownFileType = sourcecode.c.h; path = YLReadMarkModel.h; sourceTree = "<group>"; };
		1A6E7E8424B8649100F42EA4 /* YLReadModel.h */ = {isa = PBXFileReference; fileEncoding = 4; lastKnownFileType = sourcecode.c.h; path = YLReadModel.h; sourceTree = "<group>"; };
		1A6E7E8524B8649100F42EA4 /* YLReadPageModel.m */ = {isa = PBXFileReference; fileEncoding = 4; lastKnownFileType = sourcecode.c.objc; path = YLReadPageModel.m; sourceTree = "<group>"; };
		1A6E7E8624B8649100F42EA4 /* YLReadChapterListModel.m */ = {isa = PBXFileReference; fileEncoding = 4; lastKnownFileType = sourcecode.c.objc; path = YLReadChapterListModel.m; sourceTree = "<group>"; };
		1A6E7E8724B8649100F42EA4 /* YLReadRecordModel.m */ = {isa = PBXFileReference; fileEncoding = 4; lastKnownFileType = sourcecode.c.objc; path = YLReadRecordModel.m; sourceTree = "<group>"; };
		1A6E7E8824B8649100F42EA4 /* YLReadChapterModel.m */ = {isa = PBXFileReference; fileEncoding = 4; lastKnownFileType = sourcecode.c.objc; path = YLReadChapterModel.m; sourceTree = "<group>"; };
		1A6E7E8924B8649100F42EA4 /* YLReadMarkModel.m */ = {isa = PBXFileReference; fileEncoding = 4; lastKnownFileType = sourcecode.c.objc; path = YLReadMarkModel.m; sourceTree = "<group>"; };
		1A6E7E8A24B8649100F42EA4 /* YLReadMenu.m */ = {isa = PBXFileReference; fileEncoding = 4; lastKnownFileType = sourcecode.c.objc; path = YLReadMenu.m; sourceTree = "<group>"; };
		1A6E7E8B24B8649100F42EA4 /* YLReadModel.m */ = {isa = PBXFileReference; fileEncoding = 4; lastKnownFileType = sourcecode.c.objc; path = YLReadModel.m; sourceTree = "<group>"; };
		1A6E7E8C24B8649100F42EA4 /* YLReadChapterListModel.h */ = {isa = PBXFileReference; fileEncoding = 4; lastKnownFileType = sourcecode.c.h; path = YLReadChapterListModel.h; sourceTree = "<group>"; };
		1A6E7E8D24B8649100F42EA4 /* YLReadPageModel.h */ = {isa = PBXFileReference; fileEncoding = 4; lastKnownFileType = sourcecode.c.h; path = YLReadPageModel.h; sourceTree = "<group>"; };
		1A6E7E8E24B8649100F42EA4 /* YLReadChapterModel.h */ = {isa = PBXFileReference; fileEncoding = 4; lastKnownFileType = sourcecode.c.h; path = YLReadChapterModel.h; sourceTree = "<group>"; };
		1A6E7E8F24B8649100F42EA4 /* YLReadRecordModel.h */ = {isa = PBXFileReference; fileEncoding = 4; lastKnownFileType = sourcecode.c.h; path = YLReadRecordModel.h; sourceTree = "<group>"; };
		1A6E7E9024B8649100F42EA4 /* YLReadViewScrollController.m */ = {isa = PBXFileReference; fileEncoding = 4; lastKnownFileType = sourcecode.c.objc; path = YLReadViewScrollController.m; sourceTree = "<group>"; };
		1A6E7E9124B8649100F42EA4 /* YLReadController.h */ = {isa = PBXFileReference; fileEncoding = 4; lastKnownFileType = sourcecode.c.h; path = YLReadController.h; sourceTree = "<group>"; };
		1A6E7E9324B8649100F42EA4 /* YLReadHomeView.m */ = {isa = PBXFileReference; fileEncoding = 4; lastKnownFileType = sourcecode.c.objc; path = YLReadHomeView.m; sourceTree = "<group>"; };
		1A6E7E9424B8649100F42EA4 /* YLReadLeftView.h */ = {isa = PBXFileReference; fileEncoding = 4; lastKnownFileType = sourcecode.c.h; path = YLReadLeftView.h; sourceTree = "<group>"; };
		1A6E7E9524B8649100F42EA4 /* YLReadTopView.m */ = {isa = PBXFileReference; fileEncoding = 4; lastKnownFileType = sourcecode.c.objc; path = YLReadTopView.m; sourceTree = "<group>"; };
		1A6E7E9624B8649100F42EA4 /* YLReadContentView.h */ = {isa = PBXFileReference; fileEncoding = 4; lastKnownFileType = sourcecode.c.h; path = YLReadContentView.h; sourceTree = "<group>"; };
		1A6E7E9724B8649100F42EA4 /* YLReadCatalogView.h */ = {isa = PBXFileReference; fileEncoding = 4; lastKnownFileType = sourcecode.c.h; path = YLReadCatalogView.h; sourceTree = "<group>"; };
		1A6E7E9824B8649100F42EA4 /* YLReadViewStatusBottomView.h */ = {isa = PBXFileReference; fileEncoding = 4; lastKnownFileType = sourcecode.c.h; path = YLReadViewStatusBottomView.h; sourceTree = "<group>"; };
		1A6E7E9924B8649100F42EA4 /* YLReadLongPressCursorView.m */ = {isa = PBXFileReference; fileEncoding = 4; lastKnownFileType = sourcecode.c.objc; path = YLReadLongPressCursorView.m; sourceTree = "<group>"; };
		1A6E7E9A24B8649100F42EA4 /* YLReadSettingView.m */ = {isa = PBXFileReference; fileEncoding = 4; lastKnownFileType = sourcecode.c.objc; path = YLReadSettingView.m; sourceTree = "<group>"; };
		1A6E7E9B24B8649100F42EA4 /* YLReadView.m */ = {isa = PBXFileReference; fileEncoding = 4; lastKnownFileType = sourcecode.c.objc; path = YLReadView.m; sourceTree = "<group>"; };
		1A6E7E9C24B8649100F42EA4 /* YLReadTrackingSlider.m */ = {isa = PBXFileReference; fileEncoding = 4; lastKnownFileType = sourcecode.c.objc; path = YLReadTrackingSlider.m; sourceTree = "<group>"; };
		1A6E7E9D24B8649100F42EA4 /* YLReadViewCell.m */ = {isa = PBXFileReference; fileEncoding = 4; lastKnownFileType = sourcecode.c.objc; path = YLReadViewCell.m; sourceTree = "<group>"; };
		1A6E7E9E24B8649100F42EA4 /* YLReadBaseView.h */ = {isa = PBXFileReference; fileEncoding = 4; lastKnownFileType = sourcecode.c.h; path = YLReadBaseView.h; sourceTree = "<group>"; };
		1A6E7E9F24B8649100F42EA4 /* YLReadBottomView.m */ = {isa = PBXFileReference; fileEncoding = 4; lastKnownFileType = sourcecode.c.objc; path = YLReadBottomView.m; sourceTree = "<group>"; };
		1A6E7EA024B8649100F42EA4 /* YLReadLongPressView.m */ = {isa = PBXFileReference; fileEncoding = 4; lastKnownFileType = sourcecode.c.objc; path = YLReadLongPressView.m; sourceTree = "<group>"; };
		1A6E7EA124B8649100F42EA4 /* YLReadHomeViewCell.m */ = {isa = PBXFileReference; fileEncoding = 4; lastKnownFileType = sourcecode.c.objc; path = YLReadHomeViewCell.m; sourceTree = "<group>"; };
		1A6E7EA224B8649100F42EA4 /* YLReadViewStatusTopView.h */ = {isa = PBXFileReference; fileEncoding = 4; lastKnownFileType = sourcecode.c.h; path = YLReadViewStatusTopView.h; sourceTree = "<group>"; };
		1A6E7EA324B8649100F42EA4 /* YLReadMarkView.m */ = {isa = PBXFileReference; fileEncoding = 4; lastKnownFileType = sourcecode.c.objc; path = YLReadMarkView.m; sourceTree = "<group>"; };
		1A6E7EA424B8649100F42EA4 /* YLReadTopView.h */ = {isa = PBXFileReference; fileEncoding = 4; lastKnownFileType = sourcecode.c.h; path = YLReadTopView.h; sourceTree = "<group>"; };
		1A6E7EA524B8649100F42EA4 /* YLReadLeftView.m */ = {isa = PBXFileReference; fileEncoding = 4; lastKnownFileType = sourcecode.c.objc; path = YLReadLeftView.m; sourceTree = "<group>"; };
		1A6E7EA624B8649100F42EA4 /* YLReadHomeView.h */ = {isa = PBXFileReference; fileEncoding = 4; lastKnownFileType = sourcecode.c.h; path = YLReadHomeView.h; sourceTree = "<group>"; };
		1A6E7EA724B8649100F42EA4 /* YLReadSettingView.h */ = {isa = PBXFileReference; fileEncoding = 4; lastKnownFileType = sourcecode.c.h; path = YLReadSettingView.h; sourceTree = "<group>"; };
		1A6E7EA824B8649100F42EA4 /* YLReadLongPressCursorView.h */ = {isa = PBXFileReference; fileEncoding = 4; lastKnownFileType = sourcecode.c.h; path = YLReadLongPressCursorView.h; sourceTree = "<group>"; };
		1A6E7EA924B8649100F42EA4 /* YLReadViewStatusBottomView.m */ = {isa = PBXFileReference; fileEncoding = 4; lastKnownFileType = sourcecode.c.objc; path = YLReadViewStatusBottomView.m; sourceTree = "<group>"; };
		1A6E7EAA24B8649100F42EA4 /* YLReadCatalogView.m */ = {isa = PBXFileReference; fileEncoding = 4; lastKnownFileType = sourcecode.c.objc; path = YLReadCatalogView.m; sourceTree = "<group>"; };
		1A6E7EAB24B8649100F42EA4 /* YLReadContentView.m */ = {isa = PBXFileReference; fileEncoding = 4; lastKnownFileType = sourcecode.c.objc; path = YLReadContentView.m; sourceTree = "<group>"; };
		1A6E7EAC24B8649100F42EA4 /* YLReadLongPressView.h */ = {isa = PBXFileReference; fileEncoding = 4; lastKnownFileType = sourcecode.c.h; path = YLReadLongPressView.h; sourceTree = "<group>"; };
		1A6E7EAD24B8649100F42EA4 /* YLReadBottomView.h */ = {isa = PBXFileReference; fileEncoding = 4; lastKnownFileType = sourcecode.c.h; path = YLReadBottomView.h; sourceTree = "<group>"; };
		1A6E7EAE24B8649100F42EA4 /* YLReadBaseView.m */ = {isa = PBXFileReference; fileEncoding = 4; lastKnownFileType = sourcecode.c.objc; path = YLReadBaseView.m; sourceTree = "<group>"; };
		1A6E7EAF24B8649100F42EA4 /* YLReadViewCell.h */ = {isa = PBXFileReference; fileEncoding = 4; lastKnownFileType = sourcecode.c.h; path = YLReadViewCell.h; sourceTree = "<group>"; };
		1A6E7EB024B8649100F42EA4 /* YLReadTrackingSlider.h */ = {isa = PBXFileReference; fileEncoding = 4; lastKnownFileType = sourcecode.c.h; path = YLReadTrackingSlider.h; sourceTree = "<group>"; };
		1A6E7EB124B8649100F42EA4 /* YLReadView.h */ = {isa = PBXFileReference; fileEncoding = 4; lastKnownFileType = sourcecode.c.h; path = YLReadView.h; sourceTree = "<group>"; };
		1A6E7EB224B8649100F42EA4 /* YLReadMarkView.h */ = {isa = PBXFileReference; fileEncoding = 4; lastKnownFileType = sourcecode.c.h; path = YLReadMarkView.h; sourceTree = "<group>"; };
		1A6E7EB324B8649100F42EA4 /* YLReadViewStatusTopView.m */ = {isa = PBXFileReference; fileEncoding = 4; lastKnownFileType = sourcecode.c.objc; path = YLReadViewStatusTopView.m; sourceTree = "<group>"; };
		1A6E7EB424B8649100F42EA4 /* YLReadHomeViewCell.h */ = {isa = PBXFileReference; fileEncoding = 4; lastKnownFileType = sourcecode.c.h; path = YLReadHomeViewCell.h; sourceTree = "<group>"; };
		1A6E7EB524B8649100F42EA4 /* YLReadPageViewController.h */ = {isa = PBXFileReference; fileEncoding = 4; lastKnownFileType = sourcecode.c.h; path = YLReadPageViewController.h; sourceTree = "<group>"; };
		1A6E7EB624B8649100F42EA4 /* YLReadLongPressViewController.m */ = {isa = PBXFileReference; fileEncoding = 4; lastKnownFileType = sourcecode.c.objc; path = YLReadLongPressViewController.m; sourceTree = "<group>"; };
		1A6E7EB724B8649100F42EA4 /* YLReadCoverController.m */ = {isa = PBXFileReference; fileEncoding = 4; lastKnownFileType = sourcecode.c.objc; path = YLReadCoverController.m; sourceTree = "<group>"; };
		1A6E7EB824B8649100F42EA4 /* YLReadViewController.h */ = {isa = PBXFileReference; fileEncoding = 4; lastKnownFileType = sourcecode.c.h; path = YLReadViewController.h; sourceTree = "<group>"; };
		1A6E7EB924B8649100F42EA4 /* UIPageViewController+Extend.m */ = {isa = PBXFileReference; fileEncoding = 4; lastKnownFileType = sourcecode.c.objc; path = "UIPageViewController+Extend.m"; sourceTree = "<group>"; };
		1A6E7EBA24B8649100F42EA4 /* YLReadViewBGController.m */ = {isa = PBXFileReference; fileEncoding = 4; lastKnownFileType = sourcecode.c.objc; path = YLReadViewBGController.m; sourceTree = "<group>"; };
		1A6E7EBB24B8649100F42EA4 /* YLReadController.m */ = {isa = PBXFileReference; fileEncoding = 4; lastKnownFileType = sourcecode.c.objc; path = YLReadController.m; sourceTree = "<group>"; };
		1A6E7EBC24B8649100F42EA4 /* YLReadViewScrollController.h */ = {isa = PBXFileReference; fileEncoding = 4; lastKnownFileType = sourcecode.c.h; path = YLReadViewScrollController.h; sourceTree = "<group>"; };
		2204D81824BAA4F900C28A43 /* LingDianParser.h */ = {isa = PBXFileReference; lastKnownFileType = sourcecode.c.h; path = LingDianParser.h; sourceTree = "<group>"; };
		2204D81924BAA4F900C28A43 /* LingDianParser.m */ = {isa = PBXFileReference; lastKnownFileType = sourcecode.c.objc; path = LingDianParser.m; sourceTree = "<group>"; };
		2204D81B24BAACEA00C28A43 /* BookResources.bundle */ = {isa = PBXFileReference; lastKnownFileType = "wrapper.plug-in"; path = BookResources.bundle; sourceTree = "<group>"; };
/* End PBXFileReference section */

/* Begin PBXFrameworksBuildPhase section */
		1A6E7E4524B863F900F42EA4 /* Frameworks */ = {
			isa = PBXFrameworksBuildPhase;
			buildActionMask = 2147483647;
			files = (
			);
			runOnlyForDeploymentPostprocessing = 0;
		};
/* End PBXFrameworksBuildPhase section */

/* Begin PBXGroup section */
		1A64DA4D24BD4CB5009AFB82 /* HttpGroup */ = {
			isa = PBXGroup;
			children = (
				1A64DA4E24BD4CB5009AFB82 /* HTTPManager.h */,
				1A64DA4F24BD4CB5009AFB82 /* HTTPManager.m */,
				1A64DA5824BD51CE009AFB82 /* HTTPSessionDelegate.h */,
				1A64DA5924BD51CE009AFB82 /* HTTPSessionDelegate.m */,
				1A64DA5524BD4D03009AFB82 /* HTTPRequestSerializer.h */,
				1A64DA5624BD4D03009AFB82 /* HTTPRequestSerializer.m */,
				1A64DA5B24BD54C0009AFB82 /* HTTPResponseSerialization.h */,
				1A64DA5C24BD54C0009AFB82 /* HTTPResponseSerialization.m */,
			);
			path = HttpGroup;
			sourceTree = "<group>";
		};
		1A64DA5E24BD5B59009AFB82 /* MBProgressHUD */ = {
			isa = PBXGroup;
			children = (
				1A64DA5F24BD5B59009AFB82 /* MBProgressHUD.m */,
				1A64DA6024BD5B59009AFB82 /* MBProgressHUD.h */,
			);
			path = MBProgressHUD;
			sourceTree = "<group>";
		};
		1A6E7E3F24B863F900F42EA4 = {
			isa = PBXGroup;
			children = (
				1A6E7E4A24B863F900F42EA4 /* YLRead */,
				1A6E7E4924B863F900F42EA4 /* Products */,
			);
			sourceTree = "<group>";
		};
		1A6E7E4924B863F900F42EA4 /* Products */ = {
			isa = PBXGroup;
			children = (
				1A6E7E4824B863F900F42EA4 /* YLRead.app */,
			);
			name = Products;
			sourceTree = "<group>";
		};
		1A6E7E4A24B863F900F42EA4 /* YLRead */ = {
			isa = PBXGroup;
			children = (
				1A6E7E4B24B863F900F42EA4 /* AppDelegate.h */,
				1A6E7E4C24B863F900F42EA4 /* AppDelegate.m */,
				1A6E7E5124B863F900F42EA4 /* ViewController.h */,
				1A6E7E5224B863F900F42EA4 /* ViewController.m */,
				2204D81824BAA4F900C28A43 /* LingDianParser.h */,
				2204D81924BAA4F900C28A43 /* LingDianParser.m */,
				1A4848CD24C1455C009FB307 /* DemoText */,
				1A64DA5E24BD5B59009AFB82 /* MBProgressHUD */,
				1A64DA4D24BD4CB5009AFB82 /* HttpGroup */,
				2204D81B24BAACEA00C28A43 /* BookResources.bundle */,
				1A6E7E6424B8649100F42EA4 /* YLRead */,
				1A6E7E5724B863FB00F42EA4 /* Assets.xcassets */,
				1A6E7E5924B863FB00F42EA4 /* LaunchScreen.storyboard */,
				1A6E7E5C24B863FB00F42EA4 /* Info.plist */,
				1A6E7E5D24B863FB00F42EA4 /* main.m */,
			);
			path = YLRead;
			sourceTree = "<group>";
		};
		1A6E7E6424B8649100F42EA4 /* YLRead */ = {
			isa = PBXGroup;
			children = (
				1A6E7E9224B8649100F42EA4 /* YLReadViewGroup */,
				1A6E7E6524B8649100F42EA4 /* YLReadTools */,
				1A6E7E8124B8649100F42EA4 /* YLReadModelGroup */,
				1A6E7E7F24B8649100F42EA4 /* UIPageViewController+Extend.h */,
				1A6E7EB924B8649100F42EA4 /* UIPageViewController+Extend.m */,
				1A6E7E9124B8649100F42EA4 /* YLReadController.h */,
				1A6E7EBB24B8649100F42EA4 /* YLReadController.m */,
				1A6E7E7B24B8649100F42EA4 /* YLReadCoverController.h */,
				1A6E7EB724B8649100F42EA4 /* YLReadCoverController.m */,
				1A6E7E7C24B8649100F42EA4 /* YLReadLongPressViewController.h */,
				1A6E7EB624B8649100F42EA4 /* YLReadLongPressViewController.m */,
				1A6E7EB524B8649100F42EA4 /* YLReadPageViewController.h */,
				1A6E7E7D24B8649100F42EA4 /* YLReadPageViewController.m */,
				1A6E7E7E24B8649100F42EA4 /* YLReadViewBGController.h */,
				1A6E7EBA24B8649100F42EA4 /* YLReadViewBGController.m */,
				1A6E7EB824B8649100F42EA4 /* YLReadViewController.h */,
				1A6E7E8024B8649100F42EA4 /* YLReadViewController.m */,
				1A6E7EBC24B8649100F42EA4 /* YLReadViewScrollController.h */,
				1A6E7E9024B8649100F42EA4 /* YLReadViewScrollController.m */,
			);
			path = YLRead;
			sourceTree = "<group>";
		};
		1A6E7E6524B8649100F42EA4 /* YLReadTools */ = {
			isa = PBXGroup;
			children = (
				1A6E7E6E24B8649100F42EA4 /* NSString+Extend.h */,
				1A6E7E7624B8649100F42EA4 /* NSString+Extend.m */,
				1A6E7E6924B8649100F42EA4 /* UINavigationController+FDFullscreenPopGesture.h */,
				1A6E7E7424B8649100F42EA4 /* UINavigationController+FDFullscreenPopGesture.m */,
				1A6E7E7324B8649100F42EA4 /* YLCoreText.h */,
				1A6E7E6A24B8649100F42EA4 /* YLCoreText.m */,
				1A6E7E7824B8649100F42EA4 /* YLGlobalTools.h */,
				1A6E7E6C24B8649100F42EA4 /* YLGlobalTools.m */,
				1A6E7E7024B8649100F42EA4 /* YLKeyedArchiver.h */,
				1A6E7E6724B8649100F42EA4 /* YLKeyedArchiver.m */,
				1A6E7E6B24B8649100F42EA4 /* YLReadConfigure.h */,
				1A6E7E7224B8649100F42EA4 /* YLReadConfigure.m */,
				1A6E7E7924B8649100F42EA4 /* YLReadParser.h */,
				1A6E7E6D24B8649100F42EA4 /* YLReadParser.m */,
				1A6E7E7124B8649100F42EA4 /* YLReadTextFastParser.h */,
				1A6E7E6624B8649100F42EA4 /* YLReadTextFastParser.m */,
				1A6E7E6F24B8649100F42EA4 /* YLReadTextParser.h */,
				1A6E7E7A24B8649100F42EA4 /* YLReadTextParser.m */,
				1A6E7E6824B8649100F42EA4 /* YLReadUserDefaults.h */,
				1A6E7E7524B8649100F42EA4 /* YLReadUserDefaults.m */,
			);
			path = YLReadTools;
			sourceTree = "<group>";
		};
		1A6E7E8124B8649100F42EA4 /* YLReadModelGroup */ = {
			isa = PBXGroup;
			children = (
				1A6E7E8C24B8649100F42EA4 /* YLReadChapterListModel.h */,
				1A6E7E8624B8649100F42EA4 /* YLReadChapterListModel.m */,
				1A6E7E8E24B8649100F42EA4 /* YLReadChapterModel.h */,
				1A6E7E8824B8649100F42EA4 /* YLReadChapterModel.m */,
				1A6E7E8324B8649100F42EA4 /* YLReadMarkModel.h */,
				1A6E7E8924B8649100F42EA4 /* YLReadMarkModel.m */,
				1A6E7E8224B8649100F42EA4 /* YLReadMenu.h */,
				1A6E7E8A24B8649100F42EA4 /* YLReadMenu.m */,
				1A6E7E8424B8649100F42EA4 /* YLReadModel.h */,
				1A6E7E8B24B8649100F42EA4 /* YLReadModel.m */,
				1A6E7E8D24B8649100F42EA4 /* YLReadPageModel.h */,
				1A6E7E8524B8649100F42EA4 /* YLReadPageModel.m */,
				1A6E7E8F24B8649100F42EA4 /* YLReadRecordModel.h */,
				1A6E7E8724B8649100F42EA4 /* YLReadRecordModel.m */,
			);
			path = YLReadModelGroup;
			sourceTree = "<group>";
		};
		1A6E7E9224B8649100F42EA4 /* YLReadViewGroup */ = {
			isa = PBXGroup;
			children = (
				1A6E7E9E24B8649100F42EA4 /* YLReadBaseView.h */,
				1A6E7EAE24B8649100F42EA4 /* YLReadBaseView.m */,
				1A6E7EAD24B8649100F42EA4 /* YLReadBottomView.h */,
				1A6E7E9F24B8649100F42EA4 /* YLReadBottomView.m */,
				1A6E7E9724B8649100F42EA4 /* YLReadCatalogView.h */,
				1A6E7EAA24B8649100F42EA4 /* YLReadCatalogView.m */,
				1A6E7E9624B8649100F42EA4 /* YLReadContentView.h */,
				1A6E7EAB24B8649100F42EA4 /* YLReadContentView.m */,
				1A6E7EA624B8649100F42EA4 /* YLReadHomeView.h */,
				1A6E7E9324B8649100F42EA4 /* YLReadHomeView.m */,
				1A6E7EB424B8649100F42EA4 /* YLReadHomeViewCell.h */,
				1A6E7EA124B8649100F42EA4 /* YLReadHomeViewCell.m */,
				1A6E7E9424B8649100F42EA4 /* YLReadLeftView.h */,
				1A6E7EA524B8649100F42EA4 /* YLReadLeftView.m */,
				1A6E7EA824B8649100F42EA4 /* YLReadLongPressCursorView.h */,
				1A6E7E9924B8649100F42EA4 /* YLReadLongPressCursorView.m */,
				1A6E7EAC24B8649100F42EA4 /* YLReadLongPressView.h */,
				1A6E7EA024B8649100F42EA4 /* YLReadLongPressView.m */,
				1A6E7EB224B8649100F42EA4 /* YLReadMarkView.h */,
				1A6E7EA324B8649100F42EA4 /* YLReadMarkView.m */,
				1A6E7EA724B8649100F42EA4 /* YLReadSettingView.h */,
				1A6E7E9A24B8649100F42EA4 /* YLReadSettingView.m */,
				1A6E7EA424B8649100F42EA4 /* YLReadTopView.h */,
				1A6E7E9524B8649100F42EA4 /* YLReadTopView.m */,
				1A6E7EB024B8649100F42EA4 /* YLReadTrackingSlider.h */,
				1A6E7E9C24B8649100F42EA4 /* YLReadTrackingSlider.m */,
				1A6E7EB124B8649100F42EA4 /* YLReadView.h */,
				1A6E7E9B24B8649100F42EA4 /* YLReadView.m */,
				1A6E7EAF24B8649100F42EA4 /* YLReadViewCell.h */,
				1A6E7E9D24B8649100F42EA4 /* YLReadViewCell.m */,
				1A6E7E9824B8649100F42EA4 /* YLReadViewStatusBottomView.h */,
				1A6E7EA924B8649100F42EA4 /* YLReadViewStatusBottomView.m */,
				1A6E7EA224B8649100F42EA4 /* YLReadViewStatusTopView.h */,
				1A6E7EB324B8649100F42EA4 /* YLReadViewStatusTopView.m */,
			);
			path = YLReadViewGroup;
			sourceTree = "<group>";
		};
/* End PBXGroup section */

/* Begin PBXNativeTarget section */
		1A6E7E4724B863F900F42EA4 /* YLRead */ = {
			isa = PBXNativeTarget;
			buildConfigurationList = 1A6E7E6124B863FB00F42EA4 /* Build configuration list for PBXNativeTarget "YLRead" */;
			buildPhases = (
				1A6E7E4424B863F900F42EA4 /* Sources */,
				1A6E7E4524B863F900F42EA4 /* Frameworks */,
				1A6E7E4624B863F900F42EA4 /* Resources */,
			);
			buildRules = (
			);
			dependencies = (
			);
			name = YLRead;
			productName = YLRead;
			productReference = 1A6E7E4824B863F900F42EA4 /* YLRead.app */;
			productType = "com.apple.product-type.application";
		};
/* End PBXNativeTarget section */

/* Begin PBXProject section */
		1A6E7E4024B863F900F42EA4 /* Project object */ = {
			isa = PBXProject;
			attributes = {
				LastUpgradeCheck = 1150;
				ORGANIZATIONNAME = "苏沫离";
				TargetAttributes = {
					1A6E7E4724B863F900F42EA4 = {
						CreatedOnToolsVersion = 11.5;
					};
				};
			};
			buildConfigurationList = 1A6E7E4324B863F900F42EA4 /* Build configuration list for PBXProject "YLRead" */;
			compatibilityVersion = "Xcode 9.3";
			developmentRegion = en;
			hasScannedForEncodings = 0;
			knownRegions = (
				en,
				Base,
			);
			mainGroup = 1A6E7E3F24B863F900F42EA4;
			productRefGroup = 1A6E7E4924B863F900F42EA4 /* Products */;
			projectDirPath = "";
			projectRoot = "";
			targets = (
				1A6E7E4724B863F900F42EA4 /* YLRead */,
			);
		};
/* End PBXProject section */

/* Begin PBXResourcesBuildPhase section */
		1A6E7E4624B863F900F42EA4 /* Resources */ = {
			isa = PBXResourcesBuildPhase;
			buildActionMask = 2147483647;
			files = (
				2204D81C24BAACEA00C28A43 /* BookResources.bundle in Resources */,
				1A6E7E5B24B863FB00F42EA4 /* LaunchScreen.storyboard in Resources */,
				1A6E7E5824B863FB00F42EA4 /* Assets.xcassets in Resources */,
				1A4848CE24C1455C009FB307 /* DemoText in Resources */,
			);
			runOnlyForDeploymentPostprocessing = 0;
		};
/* End PBXResourcesBuildPhase section */

/* Begin PBXSourcesBuildPhase section */
		1A6E7E4424B863F900F42EA4 /* Sources */ = {
			isa = PBXSourcesBuildPhase;
			buildActionMask = 2147483647;
			files = (
				1A64DA5724BD4D03009AFB82 /* HTTPRequestSerializer.m in Sources */,
				1A6E7EC424B8649100F42EA4 /* YLReadUserDefaults.m in Sources */,
				1A6E7EC924B8649100F42EA4 /* YLReadViewController.m in Sources */,
				1A6E7EE724B8649100F42EA4 /* YLReadController.m in Sources */,
				1A64DA5024BD4CB5009AFB82 /* HTTPManager.m in Sources */,
				1A6E7EE224B8649100F42EA4 /* YLReadViewStatusTopView.m in Sources */,
				1A6E7ED024B8649100F42EA4 /* YLReadModel.m in Sources */,
				1A64DA6124BD5B59009AFB82 /* MBProgressHUD.m in Sources */,
				1A64DA5A24BD51CE009AFB82 /* HTTPSessionDelegate.m in Sources */,
				1A6E7EC324B8649100F42EA4 /* UINavigationController+FDFullscreenPopGesture.m in Sources */,
				1A6E7E5324B863F900F42EA4 /* ViewController.m in Sources */,
				1A6E7ED524B8649100F42EA4 /* YLReadSettingView.m in Sources */,
				1A6E7ECB24B8649100F42EA4 /* YLReadChapterListModel.m in Sources */,
				1A6E7ECE24B8649100F42EA4 /* YLReadMarkModel.m in Sources */,
				1A6E7ECF24B8649100F42EA4 /* YLReadMenu.m in Sources */,
				1A6E7EDA24B8649100F42EA4 /* YLReadLongPressView.m in Sources */,
				1A6E7ED324B8649100F42EA4 /* YLReadTopView.m in Sources */,
				1A6E7ED224B8649100F42EA4 /* YLReadHomeView.m in Sources */,
				1A6E7E4D24B863F900F42EA4 /* AppDelegate.m in Sources */,
				1A6E7EE024B8649100F42EA4 /* YLReadContentView.m in Sources */,
				1A6E7ED924B8649100F42EA4 /* YLReadBottomView.m in Sources */,
				1A6E7EBE24B8649100F42EA4 /* YLKeyedArchiver.m in Sources */,
				1A6E7EDB24B8649100F42EA4 /* YLReadHomeViewCell.m in Sources */,
				2204D81A24BAA4F900C28A43 /* LingDianParser.m in Sources */,
				1A6E7ED124B8649100F42EA4 /* YLReadViewScrollController.m in Sources */,
				1A6E7EC724B8649100F42EA4 /* YLReadTextParser.m in Sources */,
				1A6E7EE624B8649100F42EA4 /* YLReadViewBGController.m in Sources */,
				1A6E7ED724B8649100F42EA4 /* YLReadTrackingSlider.m in Sources */,
				1A6E7EBD24B8649100F42EA4 /* YLReadTextFastParser.m in Sources */,
				1A6E7EE124B8649100F42EA4 /* YLReadBaseView.m in Sources */,
				1A6E7EBF24B8649100F42EA4 /* YLCoreText.m in Sources */,
				1A6E7EC824B8649100F42EA4 /* YLReadPageViewController.m in Sources */,
				1A6E7EC024B8649100F42EA4 /* YLGlobalTools.m in Sources */,
				1A6E7ED624B8649100F42EA4 /* YLReadView.m in Sources */,
				1A6E7EE524B8649100F42EA4 /* UIPageViewController+Extend.m in Sources */,
				1A6E7EDD24B8649100F42EA4 /* YLReadLeftView.m in Sources */,
				1A6E7ECA24B8649100F42EA4 /* YLReadPageModel.m in Sources */,
				1A6E7E5E24B863FB00F42EA4 /* main.m in Sources */,
				1A6E7EC224B8649100F42EA4 /* YLReadConfigure.m in Sources */,
				1A6E7ED424B8649100F42EA4 /* YLReadLongPressCursorView.m in Sources */,
				1A6E7EDF24B8649100F42EA4 /* YLReadCatalogView.m in Sources */,
				1A6E7ECC24B8649100F42EA4 /* YLReadRecordModel.m in Sources */,
				1A6E7ECD24B8649100F42EA4 /* YLReadChapterModel.m in Sources */,
				1A6E7ED824B8649100F42EA4 /* YLReadViewCell.m in Sources */,
				1A6E7EC124B8649100F42EA4 /* YLReadParser.m in Sources */,
				1A6E7EDC24B8649100F42EA4 /* YLReadMarkView.m in Sources */,
				1A64DA5D24BD54C0009AFB82 /* HTTPResponseSerialization.m in Sources */,
				1A6E7EE424B8649100F42EA4 /* YLReadCoverController.m in Sources */,
				1A6E7EE324B8649100F42EA4 /* YLReadLongPressViewController.m in Sources */,
				1A6E7EC524B8649100F42EA4 /* NSString+Extend.m in Sources */,
				1A6E7EDE24B8649100F42EA4 /* YLReadViewStatusBottomView.m in Sources */,
			);
			runOnlyForDeploymentPostprocessing = 0;
		};
/* End PBXSourcesBuildPhase section */

/* Begin PBXVariantGroup section */
		1A6E7E5924B863FB00F42EA4 /* LaunchScreen.storyboard */ = {
			isa = PBXVariantGroup;
			children = (
				1A6E7E5A24B863FB00F42EA4 /* Base */,
			);
			name = LaunchScreen.storyboard;
			sourceTree = "<group>";
		};
/* End PBXVariantGroup section */

/* Begin XCBuildConfiguration section */
		1A6E7E5F24B863FB00F42EA4 /* Debug */ = {
			isa = XCBuildConfiguration;
			buildSettings = {
				ALWAYS_SEARCH_USER_PATHS = NO;
				CLANG_ANALYZER_NONNULL = YES;
				CLANG_ANALYZER_NUMBER_OBJECT_CONVERSION = YES_AGGRESSIVE;
				CLANG_CXX_LANGUAGE_STANDARD = "gnu++14";
				CLANG_CXX_LIBRARY = "libc++";
				CLANG_ENABLE_MODULES = YES;
				CLANG_ENABLE_OBJC_ARC = YES;
				CLANG_ENABLE_OBJC_WEAK = YES;
				CLANG_WARN_BLOCK_CAPTURE_AUTORELEASING = YES;
				CLANG_WARN_BOOL_CONVERSION = YES;
				CLANG_WARN_COMMA = YES;
				CLANG_WARN_CONSTANT_CONVERSION = YES;
				CLANG_WARN_DEPRECATED_OBJC_IMPLEMENTATIONS = YES;
				CLANG_WARN_DIRECT_OBJC_ISA_USAGE = YES_ERROR;
				CLANG_WARN_DOCUMENTATION_COMMENTS = YES;
				CLANG_WARN_EMPTY_BODY = YES;
				CLANG_WARN_ENUM_CONVERSION = YES;
				CLANG_WARN_INFINITE_RECURSION = YES;
				CLANG_WARN_INT_CONVERSION = YES;
				CLANG_WARN_NON_LITERAL_NULL_CONVERSION = YES;
				CLANG_WARN_OBJC_IMPLICIT_RETAIN_SELF = YES;
				CLANG_WARN_OBJC_LITERAL_CONVERSION = YES;
				CLANG_WARN_OBJC_ROOT_CLASS = YES_ERROR;
				CLANG_WARN_RANGE_LOOP_ANALYSIS = YES;
				CLANG_WARN_STRICT_PROTOTYPES = YES;
				CLANG_WARN_SUSPICIOUS_MOVE = YES;
				CLANG_WARN_UNGUARDED_AVAILABILITY = YES_AGGRESSIVE;
				CLANG_WARN_UNREACHABLE_CODE = YES;
				CLANG_WARN__DUPLICATE_METHOD_MATCH = YES;
				COPY_PHASE_STRIP = NO;
				DEBUG_INFORMATION_FORMAT = dwarf;
				ENABLE_STRICT_OBJC_MSGSEND = YES;
				ENABLE_TESTABILITY = YES;
				GCC_C_LANGUAGE_STANDARD = gnu11;
				GCC_DYNAMIC_NO_PIC = NO;
				GCC_NO_COMMON_BLOCKS = YES;
				GCC_OPTIMIZATION_LEVEL = 0;
				GCC_PREPROCESSOR_DEFINITIONS = (
					"DEBUG=1",
					"$(inherited)",
				);
				GCC_WARN_64_TO_32_BIT_CONVERSION = YES;
				GCC_WARN_ABOUT_RETURN_TYPE = YES_ERROR;
				GCC_WARN_UNDECLARED_SELECTOR = YES;
				GCC_WARN_UNINITIALIZED_AUTOS = YES_AGGRESSIVE;
				GCC_WARN_UNUSED_FUNCTION = YES;
				GCC_WARN_UNUSED_VARIABLE = YES;
				IPHONEOS_DEPLOYMENT_TARGET = 13.5;
				MTL_ENABLE_DEBUG_INFO = INCLUDE_SOURCE;
				MTL_FAST_MATH = YES;
				ONLY_ACTIVE_ARCH = YES;
				SDKROOT = iphoneos;
			};
			name = Debug;
		};
		1A6E7E6024B863FB00F42EA4 /* Release */ = {
			isa = XCBuildConfiguration;
			buildSettings = {
				ALWAYS_SEARCH_USER_PATHS = NO;
				CLANG_ANALYZER_NONNULL = YES;
				CLANG_ANALYZER_NUMBER_OBJECT_CONVERSION = YES_AGGRESSIVE;
				CLANG_CXX_LANGUAGE_STANDARD = "gnu++14";
				CLANG_CXX_LIBRARY = "libc++";
				CLANG_ENABLE_MODULES = YES;
				CLANG_ENABLE_OBJC_ARC = YES;
				CLANG_ENABLE_OBJC_WEAK = YES;
				CLANG_WARN_BLOCK_CAPTURE_AUTORELEASING = YES;
				CLANG_WARN_BOOL_CONVERSION = YES;
				CLANG_WARN_COMMA = YES;
				CLANG_WARN_CONSTANT_CONVERSION = YES;
				CLANG_WARN_DEPRECATED_OBJC_IMPLEMENTATIONS = YES;
				CLANG_WARN_DIRECT_OBJC_ISA_USAGE = YES_ERROR;
				CLANG_WARN_DOCUMENTATION_COMMENTS = YES;
				CLANG_WARN_EMPTY_BODY = YES;
				CLANG_WARN_ENUM_CONVERSION = YES;
				CLANG_WARN_INFINITE_RECURSION = YES;
				CLANG_WARN_INT_CONVERSION = YES;
				CLANG_WARN_NON_LITERAL_NULL_CONVERSION = YES;
				CLANG_WARN_OBJC_IMPLICIT_RETAIN_SELF = YES;
				CLANG_WARN_OBJC_LITERAL_CONVERSION = YES;
				CLANG_WARN_OBJC_ROOT_CLASS = YES_ERROR;
				CLANG_WARN_RANGE_LOOP_ANALYSIS = YES;
				CLANG_WARN_STRICT_PROTOTYPES = YES;
				CLANG_WARN_SUSPICIOUS_MOVE = YES;
				CLANG_WARN_UNGUARDED_AVAILABILITY = YES_AGGRESSIVE;
				CLANG_WARN_UNREACHABLE_CODE = YES;
				CLANG_WARN__DUPLICATE_METHOD_MATCH = YES;
				COPY_PHASE_STRIP = NO;
				DEBUG_INFORMATION_FORMAT = "dwarf-with-dsym";
				ENABLE_NS_ASSERTIONS = NO;
				ENABLE_STRICT_OBJC_MSGSEND = YES;
				GCC_C_LANGUAGE_STANDARD = gnu11;
				GCC_NO_COMMON_BLOCKS = YES;
				GCC_WARN_64_TO_32_BIT_CONVERSION = YES;
				GCC_WARN_ABOUT_RETURN_TYPE = YES_ERROR;
				GCC_WARN_UNDECLARED_SELECTOR = YES;
				GCC_WARN_UNINITIALIZED_AUTOS = YES_AGGRESSIVE;
				GCC_WARN_UNUSED_FUNCTION = YES;
				GCC_WARN_UNUSED_VARIABLE = YES;
				IPHONEOS_DEPLOYMENT_TARGET = 13.5;
				MTL_ENABLE_DEBUG_INFO = NO;
				MTL_FAST_MATH = YES;
				SDKROOT = iphoneos;
				VALIDATE_PRODUCT = YES;
			};
			name = Release;
		};
		1A6E7E6224B863FB00F42EA4 /* Debug */ = {
			isa = XCBuildConfiguration;
			buildSettings = {
				ASSETCATALOG_COMPILER_APPICON_NAME = AppIcon;
				CODE_SIGN_STYLE = Automatic;
				DEVELOPMENT_TEAM = M2NC8A2MPU;
				INFOPLIST_FILE = YLRead/Info.plist;
				LD_RUNPATH_SEARCH_PATHS = (
					"$(inherited)",
					"@executable_path/Frameworks",
				);
				PRODUCT_BUNDLE_IDENTIFIER = com.YLRead;
				PRODUCT_NAME = "$(TARGET_NAME)";
				TARGETED_DEVICE_FAMILY = "1,2";
			};
			name = Debug;
		};
		1A6E7E6324B863FB00F42EA4 /* Release */ = {
			isa = XCBuildConfiguration;
			buildSettings = {
				ASSETCATALOG_COMPILER_APPICON_NAME = AppIcon;
				CODE_SIGN_STYLE = Automatic;
				DEVELOPMENT_TEAM = M2NC8A2MPU;
				INFOPLIST_FILE = YLRead/Info.plist;
				LD_RUNPATH_SEARCH_PATHS = (
					"$(inherited)",
					"@executable_path/Frameworks",
				);
				PRODUCT_BUNDLE_IDENTIFIER = com.YLRead;
				PRODUCT_NAME = "$(TARGET_NAME)";
				TARGETED_DEVICE_FAMILY = "1,2";
			};
			name = Release;
		};
/* End XCBuildConfiguration section */

/* Begin XCConfigurationList section */
		1A6E7E4324B863F900F42EA4 /* Build configuration list for PBXProject "YLRead" */ = {
			isa = XCConfigurationList;
			buildConfigurations = (
				1A6E7E5F24B863FB00F42EA4 /* Debug */,
				1A6E7E6024B863FB00F42EA4 /* Release */,
			);
			defaultConfigurationIsVisible = 0;
			defaultConfigurationName = Release;
		};
		1A6E7E6124B863FB00F42EA4 /* Build configuration list for PBXNativeTarget "YLRead" */ = {
			isa = XCConfigurationList;
			buildConfigurations = (
				1A6E7E6224B863FB00F42EA4 /* Debug */,
				1A6E7E6324B863FB00F42EA4 /* Release */,
			);
			defaultConfigurationIsVisible = 0;
			defaultConfigurationName = Release;
		};
/* End XCConfigurationList section */
	};
	rootObject = 1A6E7E4024B863F900F42EA4 /* Project object */;
}
